// !$*UTF8*$!
{
	archiveVersion = 1;
	classes = {
	};
	objectVersion = 56;
	objects = {

/* Begin PBXBuildFile section */
		AC1D411F294321FF004DF09B /* TextFieldFormView.swift in Sources */ = {isa = PBXBuildFile; fileRef = AC1D411E294321FF004DF09B /* TextFieldFormView.swift */; };
		AC1D412129432565004DF09B /* DateFormView.swift in Sources */ = {isa = PBXBuildFile; fileRef = AC1D412029432565004DF09B /* DateFormView.swift */; };
		AC1D4123294327A0004DF09B /* ButtonFormView.swift in Sources */ = {isa = PBXBuildFile; fileRef = AC1D4122294327A0004DF09B /* ButtonFormView.swift */; };
		AC1D412729432929004DF09B /* FormItem.swift in Sources */ = {isa = PBXBuildFile; fileRef = AC1D412629432929004DF09B /* FormItem.swift */; };
		AC1D412B29434B24004DF09B /* FormContentBuilder.swift in Sources */ = {isa = PBXBuildFile; fileRef = AC1D412A29434B24004DF09B /* FormContentBuilder.swift */; };
		ACBB570C293F558800E6E9B9 /* DiffFormApp.swift in Sources */ = {isa = PBXBuildFile; fileRef = ACBB570B293F558800E6E9B9 /* DiffFormApp.swift */; };
		ACBB570E293F558800E6E9B9 /* ContentView.swift in Sources */ = {isa = PBXBuildFile; fileRef = ACBB570D293F558800E6E9B9 /* ContentView.swift */; };
		ACBB5710293F558900E6E9B9 /* Assets.xcassets in Resources */ = {isa = PBXBuildFile; fileRef = ACBB570F293F558900E6E9B9 /* Assets.xcassets */; };
		ACBB5713293F558900E6E9B9 /* Preview Assets.xcassets in Resources */ = {isa = PBXBuildFile; fileRef = ACBB5712293F558900E6E9B9 /* Preview Assets.xcassets */; };
		ACBB571A293F568F00E6E9B9 /* FirstView.swift in Sources */ = {isa = PBXBuildFile; fileRef = ACBB5719293F568F00E6E9B9 /* FirstView.swift */; };
/* End PBXBuildFile section */

/* Begin PBXFileReference section */
		AC1D411E294321FF004DF09B /* TextFieldFormView.swift */ = {isa = PBXFileReference; lastKnownFileType = sourcecode.swift; path = TextFieldFormView.swift; sourceTree = "<group>"; };
		AC1D412029432565004DF09B /* DateFormView.swift */ = {isa = PBXFileReference; lastKnownFileType = sourcecode.swift; path = DateFormView.swift; sourceTree = "<group>"; };
		AC1D4122294327A0004DF09B /* ButtonFormView.swift */ = {isa = PBXFileReference; lastKnownFileType = sourcecode.swift; path = ButtonFormView.swift; sourceTree = "<group>"; };
		AC1D412629432929004DF09B /* FormItem.swift */ = {isa = PBXFileReference; lastKnownFileType = sourcecode.swift; path = FormItem.swift; sourceTree = "<group>"; };
		AC1D412A29434B24004DF09B /* FormContentBuilder.swift */ = {isa = PBXFileReference; lastKnownFileType = sourcecode.swift; path = FormContentBuilder.swift; sourceTree = "<group>"; };
		ACBB5708293F558800E6E9B9 /* DiffForm.app */ = {isa = PBXFileReference; explicitFileType = wrapper.application; includeInIndex = 0; path = DiffForm.app; sourceTree = BUILT_PRODUCTS_DIR; };
		ACBB570B293F558800E6E9B9 /* DiffFormApp.swift */ = {isa = PBXFileReference; lastKnownFileType = sourcecode.swift; path = DiffFormApp.swift; sourceTree = "<group>"; };
		ACBB570D293F558800E6E9B9 /* ContentView.swift */ = {isa = PBXFileReference; lastKnownFileType = sourcecode.swift; path = ContentView.swift; sourceTree = "<group>"; };
		ACBB570F293F558900E6E9B9 /* Assets.xcassets */ = {isa = PBXFileReference; lastKnownFileType = folder.assetcatalog; path = Assets.xcassets; sourceTree = "<group>"; };
		ACBB5712293F558900E6E9B9 /* Preview Assets.xcassets */ = {isa = PBXFileReference; lastKnownFileType = folder.assetcatalog; path = "Preview Assets.xcassets"; sourceTree = "<group>"; };
		ACBB5719293F568F00E6E9B9 /* FirstView.swift */ = {isa = PBXFileReference; lastKnownFileType = sourcecode.swift; path = FirstView.swift; sourceTree = "<group>"; };
/* End PBXFileReference section */

/* Begin PBXFrameworksBuildPhase section */
		ACBB5705293F558800E6E9B9 /* Frameworks */ = {
			isa = PBXFrameworksBuildPhase;
			buildActionMask = 2147483647;
			files = (
			);
			runOnlyForDeploymentPostprocessing = 0;
		};
/* End PBXFrameworksBuildPhase section */

/* Begin PBXGroup section */
		AC1D411D294321C7004DF09B /* SecondFormwithValidation */ = {
			isa = PBXGroup;
			children = (
				AC1D412929434B06004DF09B /* Builder */,
				AC1D412529432916004DF09B /* Model */,
				AC1D412429432909004DF09B /* View */,
			);
			path = SecondFormwithValidation;
			sourceTree = "<group>";
		};
		AC1D412429432909004DF09B /* View */ = {
			isa = PBXGroup;
			children = (
				AC1D4122294327A0004DF09B /* ButtonFormView.swift */,
				AC1D412029432565004DF09B /* DateFormView.swift */,
				AC1D411E294321FF004DF09B /* TextFieldFormView.swift */,
			);
			path = View;
			sourceTree = "<group>";
		};
		AC1D412529432916004DF09B /* Model */ = {
			isa = PBXGroup;
			children = (
				AC1D412629432929004DF09B /* FormItem.swift */,
			);
			path = Model;
			sourceTree = "<group>";
		};
		AC1D412929434B06004DF09B /* Builder */ = {
			isa = PBXGroup;
			children = (
				AC1D412A29434B24004DF09B /* FormContentBuilder.swift */,
			);
			path = Builder;
			sourceTree = "<group>";
		};
		ACBB56FF293F558800E6E9B9 = {
			isa = PBXGroup;
			children = (
				ACBB570A293F558800E6E9B9 /* DiffForm */,
				ACBB5709293F558800E6E9B9 /* Products */,
			);
			sourceTree = "<group>";
		};
		ACBB5709293F558800E6E9B9 /* Products */ = {
			isa = PBXGroup;
			children = (
				ACBB5708293F558800E6E9B9 /* DiffForm.app */,
			);
			name = Products;
			sourceTree = "<group>";
		};
		ACBB570A293F558800E6E9B9 /* DiffForm */ = {
			isa = PBXGroup;
			children = (
				AC1D411D294321C7004DF09B /* SecondFormwithValidation */,
				ACBB570B293F558800E6E9B9 /* DiffFormApp.swift */,
				ACBB5719293F568F00E6E9B9 /* FirstView.swift */,
				ACBB570D293F558800E6E9B9 /* ContentView.swift */,
				ACBB570F293F558900E6E9B9 /* Assets.xcassets */,
				ACBB5711293F558900E6E9B9 /* Preview Content */,
			);
			path = DiffForm;
			sourceTree = "<group>";
		};
		ACBB5711293F558900E6E9B9 /* Preview Content */ = {
			isa = PBXGroup;
			children = (
				ACBB5712293F558900E6E9B9 /* Preview Assets.xcassets */,
			);
			path = "Preview Content";
			sourceTree = "<group>";
		};
/* End PBXGroup section */

/* Begin PBXNativeTarget section */
		ACBB5707293F558800E6E9B9 /* DiffForm */ = {
			isa = PBXNativeTarget;
			buildConfigurationList = ACBB5716293F558900E6E9B9 /* Build configuration list for PBXNativeTarget "DiffForm" */;
			buildPhases = (
				ACBB5704293F558800E6E9B9 /* Sources */,
				ACBB5705293F558800E6E9B9 /* Frameworks */,
				ACBB5706293F558800E6E9B9 /* Resources */,
			);
			buildRules = (
			);
			dependencies = (
			);
			name = DiffForm;
			productName = DiffForm;
			productReference = ACBB5708293F558800E6E9B9 /* DiffForm.app */;
			productType = "com.apple.product-type.application";
		};
/* End PBXNativeTarget section */

/* Begin PBXProject section */
		ACBB5700293F558800E6E9B9 /* Project object */ = {
			isa = PBXProject;
			attributes = {
				BuildIndependentTargetsInParallel = 1;
				LastSwiftUpdateCheck = 1410;
				LastUpgradeCheck = 1410;
				TargetAttributes = {
					ACBB5707293F558800E6E9B9 = {
						CreatedOnToolsVersion = 14.1;
					};
				};
			};
			buildConfigurationList = ACBB5703293F558800E6E9B9 /* Build configuration list for PBXProject "DiffForm" */;
			compatibilityVersion = "Xcode 14.0";
			developmentRegion = en;
			hasScannedForEncodings = 0;
			knownRegions = (
				en,
				Base,
			);
			mainGroup = ACBB56FF293F558800E6E9B9;
			productRefGroup = ACBB5709293F558800E6E9B9 /* Products */;
			projectDirPath = "";
			projectRoot = "";
			targets = (
				ACBB5707293F558800E6E9B9 /* DiffForm */,
			);
		};
/* End PBXProject section */

/* Begin PBXResourcesBuildPhase section */
		ACBB5706293F558800E6E9B9 /* Resources */ = {
			isa = PBXResourcesBuildPhase;
			buildActionMask = 2147483647;
			files = (
				ACBB5713293F558900E6E9B9 /* Preview Assets.xcassets in Resources */,
				ACBB5710293F558900E6E9B9 /* Assets.xcassets in Resources */,
			);
			runOnlyForDeploymentPostprocessing = 0;
		};
/* End PBXResourcesBuildPhase section */

/* Begin PBXSourcesBuildPhase section */
		ACBB5704293F558800E6E9B9 /* Sources */ = {
			isa = PBXSourcesBuildPhase;
			buildActionMask = 2147483647;
			files = (
				AC1D412729432929004DF09B /* FormItem.swift in Sources */,
				AC1D412B29434B24004DF09B /* FormContentBuilder.swift in Sources */,
				AC1D4123294327A0004DF09B /* ButtonFormView.swift in Sources */,
				ACBB570E293F558800E6E9B9 /* ContentView.swift in Sources */,
				ACBB571A293F568F00E6E9B9 /* FirstView.swift in Sources */,
				AC1D412129432565004DF09B /* DateFormView.swift in Sources */,
				AC1D411F294321FF004DF09B /* TextFieldFormView.swift in Sources */,
				ACBB570C293F558800E6E9B9 /* DiffFormApp.swift in Sources */,
			);
			runOnlyForDeploymentPostprocessing = 0;
		};
/* End PBXSourcesBuildPhase section */

/* Begin XCBuildConfiguration section */
		ACBB5714293F558900E6E9B9 /* Debug */ = {
			isa = XCBuildConfiguration;
			buildSettings = {
				ALWAYS_SEARCH_USER_PATHS = NO;
				CLANG_ANALYZER_NONNULL = YES;
				CLANG_ANALYZER_NUMBER_OBJECT_CONVERSION = YES_AGGRESSIVE;
				CLANG_CXX_LANGUAGE_STANDARD = "gnu++20";
				CLANG_ENABLE_MODULES = YES;
				CLANG_ENABLE_OBJC_ARC = YES;
				CLANG_ENABLE_OBJC_WEAK = YES;
				CLANG_WARN_BLOCK_CAPTURE_AUTORELEASING = YES;
				CLANG_WARN_BOOL_CONVERSION = YES;
				CLANG_WARN_COMMA = YES;
				CLANG_WARN_CONSTANT_CONVERSION = YES;
				CLANG_WARN_DEPRECATED_OBJC_IMPLEMENTATIONS = YES;
				CLANG_WARN_DIRECT_OBJC_ISA_USAGE = YES_ERROR;
				CLANG_WARN_DOCUMENTATION_COMMENTS = YES;
				CLANG_WARN_EMPTY_BODY = YES;
				CLANG_WARN_ENUM_CONVERSION = YES;
				CLANG_WARN_INFINITE_RECURSION = YES;
				CLANG_WARN_INT_CONVERSION = YES;
				CLANG_WARN_NON_LITERAL_NULL_CONVERSION = YES;
				CLANG_WARN_OBJC_IMPLICIT_RETAIN_SELF = YES;
				CLANG_WARN_OBJC_LITERAL_CONVERSION = YES;
				CLANG_WARN_OBJC_ROOT_CLASS = YES_ERROR;
				CLANG_WARN_QUOTED_INCLUDE_IN_FRAMEWORK_HEADER = YES;
				CLANG_WARN_RANGE_LOOP_ANALYSIS = YES;
				CLANG_WARN_STRICT_PROTOTYPES = YES;
				CLANG_WARN_SUSPICIOUS_MOVE = YES;
				CLANG_WARN_UNGUARDED_AVAILABILITY = YES_AGGRESSIVE;
				CLANG_WARN_UNREACHABLE_CODE = YES;
				CLANG_WARN__DUPLICATE_METHOD_MATCH = YES;
				COPY_PHASE_STRIP = NO;
				DEBUG_INFORMATION_FORMAT = dwarf;
				ENABLE_STRICT_OBJC_MSGSEND = YES;
				ENABLE_TESTABILITY = YES;
				GCC_C_LANGUAGE_STANDARD = gnu11;
				GCC_DYNAMIC_NO_PIC = NO;
				GCC_NO_COMMON_BLOCKS = YES;
				GCC_OPTIMIZATION_LEVEL = 0;
				GCC_PREPROCESSOR_DEFINITIONS = (
					"DEBUG=1",
					"$(inherited)",
				);
				GCC_WARN_64_TO_32_BIT_CONVERSION = YES;
				GCC_WARN_ABOUT_RETURN_TYPE = YES_ERROR;
				GCC_WARN_UNDECLARED_SELECTOR = YES;
				GCC_WARN_UNINITIALIZED_AUTOS = YES_AGGRESSIVE;
				GCC_WARN_UNUSED_FUNCTION = YES;
				GCC_WARN_UNUSED_VARIABLE = YES;
				IPHONEOS_DEPLOYMENT_TARGET = 16.1;
				MTL_ENABLE_DEBUG_INFO = INCLUDE_SOURCE;
				MTL_FAST_MATH = YES;
				ONLY_ACTIVE_ARCH = YES;
				SDKROOT = iphoneos;
				SWIFT_ACTIVE_COMPILATION_CONDITIONS = DEBUG;
				SWIFT_OPTIMIZATION_LEVEL = "-Onone";
			};
			name = Debug;
		};
		ACBB5715293F558900E6E9B9 /* Release */ = {
			isa = XCBuildConfiguration;
			buildSettings = {
				ALWAYS_SEARCH_USER_PATHS = NO;
				CLANG_ANALYZER_NONNULL = YES;
				CLANG_ANALYZER_NUMBER_OBJECT_CONVERSION = YES_AGGRESSIVE;
				CLANG_CXX_LANGUAGE_STANDARD = "gnu++20";
				CLANG_ENABLE_MODULES = YES;
				CLANG_ENABLE_OBJC_ARC = YES;
				CLANG_ENABLE_OBJC_WEAK = YES;
				CLANG_WARN_BLOCK_CAPTURE_AUTORELEASING = YES;
				CLANG_WARN_BOOL_CONVERSION = YES;
				CLANG_WARN_COMMA = YES;
				CLANG_WARN_CONSTANT_CONVERSION = YES;
				CLANG_WARN_DEPRECATED_OBJC_IMPLEMENTATIONS = YES;
				CLANG_WARN_DIRECT_OBJC_ISA_USAGE = YES_ERROR;
				CLANG_WARN_DOCUMENTATION_COMMENTS = YES;
				CLANG_WARN_EMPTY_BODY = YES;
				CLANG_WARN_ENUM_CONVERSION = YES;
				CLANG_WARN_INFINITE_RECURSION = YES;
				CLANG_WARN_INT_CONVERSION = YES;
				CLANG_WARN_NON_LITERAL_NULL_CONVERSION = YES;
				CLANG_WARN_OBJC_IMPLICIT_RETAIN_SELF = YES;
				CLANG_WARN_OBJC_LITERAL_CONVERSION = YES;
				CLANG_WARN_OBJC_ROOT_CLASS = YES_ERROR;
				CLANG_WARN_QUOTED_INCLUDE_IN_FRAMEWORK_HEADER = YES;
				CLANG_WARN_RANGE_LOOP_ANALYSIS = YES;
				CLANG_WARN_STRICT_PROTOTYPES = YES;
				CLANG_WARN_SUSPICIOUS_MOVE = YES;
				CLANG_WARN_UNGUARDED_AVAILABILITY = YES_AGGRESSIVE;
				CLANG_WARN_UNREACHABLE_CODE = YES;
				CLANG_WARN__DUPLICATE_METHOD_MATCH = YES;
				COPY_PHASE_STRIP = NO;
				DEBUG_INFORMATION_FORMAT = "dwarf-with-dsym";
				ENABLE_NS_ASSERTIONS = NO;
				ENABLE_STRICT_OBJC_MSGSEND = YES;
				GCC_C_LANGUAGE_STANDARD = gnu11;
				GCC_NO_COMMON_BLOCKS = YES;
				GCC_WARN_64_TO_32_BIT_CONVERSION = YES;
				GCC_WARN_ABOUT_RETURN_TYPE = YES_ERROR;
				GCC_WARN_UNDECLARED_SELECTOR = YES;
				GCC_WARN_UNINITIALIZED_AUTOS = YES_AGGRESSIVE;
				GCC_WARN_UNUSED_FUNCTION = YES;
				GCC_WARN_UNUSED_VARIABLE = YES;
				IPHONEOS_DEPLOYMENT_TARGET = 16.1;
				MTL_ENABLE_DEBUG_INFO = NO;
				MTL_FAST_MATH = YES;
				SDKROOT = iphoneos;
				SWIFT_COMPILATION_MODE = wholemodule;
				SWIFT_OPTIMIZATION_LEVEL = "-O";
				VALIDATE_PRODUCT = YES;
			};
			name = Release;
		};
		ACBB5717293F558900E6E9B9 /* Debug */ = {
			isa = XCBuildConfiguration;
			buildSettings = {
				ASSETCATALOG_COMPILER_APPICON_NAME = AppIcon;
				ASSETCATALOG_COMPILER_GLOBAL_ACCENT_COLOR_NAME = AccentColor;
				CODE_SIGN_STYLE = Automatic;
				CURRENT_PROJECT_VERSION = 1;
				DEVELOPMENT_ASSET_PATHS = "\"DiffForm/Preview Content\"";
				ENABLE_PREVIEWS = YES;
				GENERATE_INFOPLIST_FILE = YES;
				INFOPLIST_KEY_UIApplicationSceneManifest_Generation = YES;
				INFOPLIST_KEY_UIApplicationSupportsIndirectInputEvents = YES;
				INFOPLIST_KEY_UILaunchScreen_Generation = YES;
				INFOPLIST_KEY_UISupportedInterfaceOrientations_iPad = "UIInterfaceOrientationPortrait UIInterfaceOrientationPortraitUpsideDown UIInterfaceOrientationLandscapeLeft UIInterfaceOrientationLandscapeRight";
				INFOPLIST_KEY_UISupportedInterfaceOrientations_iPhone = "UIInterfaceOrientationPortrait UIInterfaceOrientationLandscapeLeft UIInterfaceOrientationLandscapeRight";
				LD_RUNPATH_SEARCH_PATHS = (
					"$(inherited)",
					"@executable_path/Frameworks",
				);
				MARKETING_VERSION = 1.0;
				PRODUCT_BUNDLE_IDENTIFIER = Bhumika.DiffForm;
				PRODUCT_NAME = "$(TARGET_NAME)";
				SWIFT_EMIT_LOC_STRINGS = YES;
				SWIFT_VERSION = 5.0;
				TARGETED_DEVICE_FAMILY = "1,2";
			};
			name = Debug;
		};
		ACBB5718293F558900E6E9B9 /* Release */ = {
			isa = XCBuildConfiguration;
			buildSettings = {
				ASSETCATALOG_COMPILER_APPICON_NAME = AppIcon;
				ASSETCATALOG_COMPILER_GLOBAL_ACCENT_COLOR_NAME = AccentColor;
				CODE_SIGN_STYLE = Automatic;
				CURRENT_PROJECT_VERSION = 1;
				DEVELOPMENT_ASSET_PATHS = "\"DiffForm/Preview Content\"";
				ENABLE_PREVIEWS = YES;
				GENERATE_INFOPLIST_FILE = YES;
				INFOPLIST_KEY_UIApplicationSceneManifest_Generation = YES;
				INFOPLIST_KEY_UIApplicationSupportsIndirectInputEvents = YES;
				INFOPLIST_KEY_UILaunchScreen_Generation = YES;
				INFOPLIST_KEY_UISupportedInterfaceOrientations_iPad = "UIInterfaceOrientationPortrait UIInterfaceOrientationPortraitUpsideDown UIInterfaceOrientationLandscapeLeft UIInterfaceOrientationLandscapeRight";
				INFOPLIST_KEY_UISupportedInterfaceOrientations_iPhone = "UIInterfaceOrientationPortrait UIInterfaceOrientationLandscapeLeft UIInterfaceOrientationLandscapeRight";
				LD_RUNPATH_SEARCH_PATHS = (
					"$(inherited)",
					"@executable_path/Frameworks",
				);
				MARKETING_VERSION = 1.0;
				PRODUCT_BUNDLE_IDENTIFIER = Bhumika.DiffForm;
				PRODUCT_NAME = "$(TARGET_NAME)";
				SWIFT_EMIT_LOC_STRINGS = YES;
				SWIFT_VERSION = 5.0;
				TARGETED_DEVICE_FAMILY = "1,2";
			};
			name = Release;
		};
/* End XCBuildConfiguration section */

/* Begin XCConfigurationList section */
		ACBB5703293F558800E6E9B9 /* Build configuration list for PBXProject "DiffForm" */ = {
			isa = XCConfigurationList;
			buildConfigurations = (
				ACBB5714293F558900E6E9B9 /* Debug */,
				ACBB5715293F558900E6E9B9 /* Release */,
			);
			defaultConfigurationIsVisible = 0;
			defaultConfigurationName = Release;
		};
		ACBB5716293F558900E6E9B9 /* Build configuration list for PBXNativeTarget "DiffForm" */ = {
			isa = XCConfigurationList;
			buildConfigurations = (
				ACBB5717293F558900E6E9B9 /* Debug */,
				ACBB5718293F558900E6E9B9 /* Release */,
			);
			defaultConfigurationIsVisible = 0;
			defaultConfigurationName = Release;
		};
/* End XCConfigurationList section */
	};
	rootObject = ACBB5700293F558800E6E9B9 /* Project object */;
}
